// !$*UTF8*$!
{
	archiveVersion = 1;
	classes = {
	};
	objectVersion = 46;
	objects = {

/* Begin PBXBuildFile section */
		C11FD71017F4C94D00B39099 /* SourceContent.m in Sources */ = {isa = PBXBuildFile; fileRef = C11FD70F17F4C94C00B39099 /* SourceContent.m */; };
		C11FD71317F4C97E00B39099 /* EditFeeds.m in Sources */ = {isa = PBXBuildFile; fileRef = C11FD71217F4C97E00B39099 /* EditFeeds.m */; };
		C11FD71617F4C99B00B39099 /* NewFeed.m in Sources */ = {isa = PBXBuildFile; fileRef = C11FD71517F4C99B00B39099 /* NewFeed.m */; };
		C1E56B7A17F4BD6700BFB280 /* UIKit.framework in Frameworks */ = {isa = PBXBuildFile; fileRef = C1E56B7917F4BD6700BFB280 /* UIKit.framework */; };
		C1E56B7C17F4BD6700BFB280 /* Foundation.framework in Frameworks */ = {isa = PBXBuildFile; fileRef = C1E56B7B17F4BD6700BFB280 /* Foundation.framework */; };
		C1E56B7E17F4BD6700BFB280 /* CoreGraphics.framework in Frameworks */ = {isa = PBXBuildFile; fileRef = C1E56B7D17F4BD6700BFB280 /* CoreGraphics.framework */; };
		C1E56B8417F4BD6700BFB280 /* InfoPlist.strings in Resources */ = {isa = PBXBuildFile; fileRef = C1E56B8217F4BD6700BFB280 /* InfoPlist.strings */; };
		C1E56B8617F4BD6700BFB280 /* main.m in Sources */ = {isa = PBXBuildFile; fileRef = C1E56B8517F4BD6700BFB280 /* main.m */; };
		C1E56B8A17F4BD6700BFB280 /* AppDelegate.m in Sources */ = {isa = PBXBuildFile; fileRef = C1E56B8917F4BD6700BFB280 /* AppDelegate.m */; };
		C1E56B8C17F4BD6700BFB280 /* Default.png in Resources */ = {isa = PBXBuildFile; fileRef = C1E56B8B17F4BD6700BFB280 /* Default.png */; };
		C1E56B8E17F4BD6700BFB280 /* Default@2x.png in Resources */ = {isa = PBXBuildFile; fileRef = C1E56B8D17F4BD6700BFB280 /* Default@2x.png */; };
		C1E56B9017F4BD6700BFB280 /* Default-568h@2x.png in Resources */ = {isa = PBXBuildFile; fileRef = C1E56B8F17F4BD6700BFB280 /* Default-568h@2x.png */; };
		C1E56B9917F4C26300BFB280 /* Storyboard.storyboard in Resources */ = {isa = PBXBuildFile; fileRef = C1E56B9817F4C26300BFB280 /* Storyboard.storyboard */; };
		C1E56B9C17F4C63C00BFB280 /* MyFeeds.m in Sources */ = {isa = PBXBuildFile; fileRef = C1E56B9B17F4C63C00BFB280 /* MyFeeds.m */; };
		C1E56B9F17F4C6F600BFB280 /* AvailableFeeds.m in Sources */ = {isa = PBXBuildFile; fileRef = C1E56B9E17F4C6F600BFB280 /* AvailableFeeds.m */; };
/* End PBXBuildFile section */

/* Begin PBXFileReference section */
		C11FD70E17F4C94C00B39099 /* SourceContent.h */ = {isa = PBXFileReference; fileEncoding = 4; lastKnownFileType = sourcecode.c.h; path = SourceContent.h; sourceTree = "<group>"; };
		C11FD70F17F4C94C00B39099 /* SourceContent.m */ = {isa = PBXFileReference; fileEncoding = 4; lastKnownFileType = sourcecode.c.objc; path = SourceContent.m; sourceTree = "<group>"; };
		C11FD71117F4C97E00B39099 /* EditFeeds.h */ = {isa = PBXFileReference; fileEncoding = 4; lastKnownFileType = sourcecode.c.h; path = EditFeeds.h; sourceTree = "<group>"; };
		C11FD71217F4C97E00B39099 /* EditFeeds.m */ = {isa = PBXFileReference; fileEncoding = 4; lastKnownFileType = sourcecode.c.objc; path = EditFeeds.m; sourceTree = "<group>"; };
		C11FD71417F4C99B00B39099 /* NewFeed.h */ = {isa = PBXFileReference; fileEncoding = 4; lastKnownFileType = sourcecode.c.h; path = NewFeed.h; sourceTree = "<group>"; };
		C11FD71517F4C99B00B39099 /* NewFeed.m */ = {isa = PBXFileReference; fileEncoding = 4; lastKnownFileType = sourcecode.c.objc; path = NewFeed.m; sourceTree = "<group>"; };
		C1E56B7617F4BD6700BFB280 /* RSS-Reader.app */ = {isa = PBXFileReference; explicitFileType = wrapper.application; includeInIndex = 0; path = "RSS-Reader.app"; sourceTree = BUILT_PRODUCTS_DIR; };
		C1E56B7917F4BD6700BFB280 /* UIKit.framework */ = {isa = PBXFileReference; lastKnownFileType = wrapper.framework; name = UIKit.framework; path = System/Library/Frameworks/UIKit.framework; sourceTree = SDKROOT; };
		C1E56B7B17F4BD6700BFB280 /* Foundation.framework */ = {isa = PBXFileReference; lastKnownFileType = wrapper.framework; name = Foundation.framework; path = System/Library/Frameworks/Foundation.framework; sourceTree = SDKROOT; };
		C1E56B7D17F4BD6700BFB280 /* CoreGraphics.framework */ = {isa = PBXFileReference; lastKnownFileType = wrapper.framework; name = CoreGraphics.framework; path = System/Library/Frameworks/CoreGraphics.framework; sourceTree = SDKROOT; };
		C1E56B8117F4BD6700BFB280 /* RSS-Reader-Info.plist */ = {isa = PBXFileReference; lastKnownFileType = text.plist.xml; path = "RSS-Reader-Info.plist"; sourceTree = "<group>"; };
		C1E56B8317F4BD6700BFB280 /* en */ = {isa = PBXFileReference; lastKnownFileType = text.plist.strings; name = en; path = en.lproj/InfoPlist.strings; sourceTree = "<group>"; };
		C1E56B8517F4BD6700BFB280 /* main.m */ = {isa = PBXFileReference; lastKnownFileType = sourcecode.c.objc; path = main.m; sourceTree = "<group>"; };
		C1E56B8717F4BD6700BFB280 /* RSS-Reader-Prefix.pch */ = {isa = PBXFileReference; lastKnownFileType = sourcecode.c.h; path = "RSS-Reader-Prefix.pch"; sourceTree = "<group>"; };
		C1E56B8817F4BD6700BFB280 /* AppDelegate.h */ = {isa = PBXFileReference; lastKnownFileType = sourcecode.c.h; path = AppDelegate.h; sourceTree = "<group>"; };
		C1E56B8917F4BD6700BFB280 /* AppDelegate.m */ = {isa = PBXFileReference; lastKnownFileType = sourcecode.c.objc; path = AppDelegate.m; sourceTree = "<group>"; };
		C1E56B8B17F4BD6700BFB280 /* Default.png */ = {isa = PBXFileReference; lastKnownFileType = image.png; path = Default.png; sourceTree = "<group>"; };
		C1E56B8D17F4BD6700BFB280 /* Default@2x.png */ = {isa = PBXFileReference; lastKnownFileType = image.png; path = "Default@2x.png"; sourceTree = "<group>"; };
		C1E56B8F17F4BD6700BFB280 /* Default-568h@2x.png */ = {isa = PBXFileReference; lastKnownFileType = image.png; path = "Default-568h@2x.png"; sourceTree = "<group>"; };
		C1E56B9817F4C26300BFB280 /* Storyboard.storyboard */ = {isa = PBXFileReference; fileEncoding = 4; lastKnownFileType = file.storyboard; path = Storyboard.storyboard; sourceTree = "<group>"; };
		C1E56B9A17F4C63C00BFB280 /* MyFeeds.h */ = {isa = PBXFileReference; fileEncoding = 4; lastKnownFileType = sourcecode.c.h; path = MyFeeds.h; sourceTree = "<group>"; };
		C1E56B9B17F4C63C00BFB280 /* MyFeeds.m */ = {isa = PBXFileReference; fileEncoding = 4; lastKnownFileType = sourcecode.c.objc; path = MyFeeds.m; sourceTree = "<group>"; };
		C1E56B9D17F4C6F600BFB280 /* AvailableFeeds.h */ = {isa = PBXFileReference; fileEncoding = 4; lastKnownFileType = sourcecode.c.h; path = AvailableFeeds.h; sourceTree = "<group>"; };
		C1E56B9E17F4C6F600BFB280 /* AvailableFeeds.m */ = {isa = PBXFileReference; fileEncoding = 4; lastKnownFileType = sourcecode.c.objc; path = AvailableFeeds.m; sourceTree = "<group>"; };
/* End PBXFileReference section */

/* Begin PBXFrameworksBuildPhase section */
		C1E56B7317F4BD6700BFB280 /* Frameworks */ = {
			isa = PBXFrameworksBuildPhase;
			buildActionMask = 2147483647;
			files = (
				C1E56B7A17F4BD6700BFB280 /* UIKit.framework in Frameworks */,
				C1E56B7C17F4BD6700BFB280 /* Foundation.framework in Frameworks */,
				C1E56B7E17F4BD6700BFB280 /* CoreGraphics.framework in Frameworks */,
			);
			runOnlyForDeploymentPostprocessing = 0;
		};
/* End PBXFrameworksBuildPhase section */

/* Begin PBXGroup section */
		C1E56B6D17F4BD6700BFB280 = {
			isa = PBXGroup;
			children = (
				C1E56B7F17F4BD6700BFB280 /* RSS-Reader */,
				C1E56B7817F4BD6700BFB280 /* Frameworks */,
				C1E56B7717F4BD6700BFB280 /* Products */,
			);
			sourceTree = "<group>";
		};
		C1E56B7717F4BD6700BFB280 /* Products */ = {
			isa = PBXGroup;
			children = (
				C1E56B7617F4BD6700BFB280 /* RSS-Reader.app */,
			);
			name = Products;
			sourceTree = "<group>";
		};
		C1E56B7817F4BD6700BFB280 /* Frameworks */ = {
			isa = PBXGroup;
			children = (
				C1E56B7917F4BD6700BFB280 /* UIKit.framework */,
				C1E56B7B17F4BD6700BFB280 /* Foundation.framework */,
				C1E56B7D17F4BD6700BFB280 /* CoreGraphics.framework */,
			);
			name = Frameworks;
			sourceTree = "<group>";
		};
		C1E56B7F17F4BD6700BFB280 /* RSS-Reader */ = {
			isa = PBXGroup;
			children = (
				C1E56B9817F4C26300BFB280 /* Storyboard.storyboard */,
				C1E56B9D17F4C6F600BFB280 /* AvailableFeeds.h */,
				C1E56B9E17F4C6F600BFB280 /* AvailableFeeds.m */,
				C1E56B9A17F4C63C00BFB280 /* MyFeeds.h */,
				C1E56B9B17F4C63C00BFB280 /* MyFeeds.m */,
				C1E56B8817F4BD6700BFB280 /* AppDelegate.h */,
				C1E56B8917F4BD6700BFB280 /* AppDelegate.m */,
				C1E56B8017F4BD6700BFB280 /* Supporting Files */,
				C11FD70E17F4C94C00B39099 /* SourceContent.h */,
				C11FD70F17F4C94C00B39099 /* SourceContent.m */,
				C11FD71117F4C97E00B39099 /* EditFeeds.h */,
				C11FD71217F4C97E00B39099 /* EditFeeds.m */,
				C11FD71417F4C99B00B39099 /* NewFeed.h */,
				C11FD71517F4C99B00B39099 /* NewFeed.m */,
			);
			path = "RSS-Reader";
			sourceTree = "<group>";
		};
		C1E56B8017F4BD6700BFB280 /* Supporting Files */ = {
			isa = PBXGroup;
			children = (
				C1E56B8117F4BD6700BFB280 /* RSS-Reader-Info.plist */,
				C1E56B8217F4BD6700BFB280 /* InfoPlist.strings */,
				C1E56B8517F4BD6700BFB280 /* main.m */,
				C1E56B8717F4BD6700BFB280 /* RSS-Reader-Prefix.pch */,
				C1E56B8B17F4BD6700BFB280 /* Default.png */,
				C1E56B8D17F4BD6700BFB280 /* Default@2x.png */,
				C1E56B8F17F4BD6700BFB280 /* Default-568h@2x.png */,
			);
			name = "Supporting Files";
			sourceTree = "<group>";
		};
/* End PBXGroup section */

/* Begin PBXNativeTarget section */
		C1E56B7517F4BD6700BFB280 /* RSS-Reader */ = {
			isa = PBXNativeTarget;
			buildConfigurationList = C1E56B9317F4BD6700BFB280 /* Build configuration list for PBXNativeTarget "RSS-Reader" */;
			buildPhases = (
				C1E56B7217F4BD6700BFB280 /* Sources */,
				C1E56B7317F4BD6700BFB280 /* Frameworks */,
				C1E56B7417F4BD6700BFB280 /* Resources */,
			);
			buildRules = (
			);
			dependencies = (
			);
			name = "RSS-Reader";
			productName = "RSS-Reader";
			productReference = C1E56B7617F4BD6700BFB280 /* RSS-Reader.app */;
			productType = "com.apple.product-type.application";
		};
/* End PBXNativeTarget section */

/* Begin PBXProject section */
		C1E56B6E17F4BD6700BFB280 /* Project object */ = {
			isa = PBXProject;
			attributes = {
				LastUpgradeCheck = 0460;
				ORGANIZATIONNAME = "CS-360_Students";
			};
			buildConfigurationList = C1E56B7117F4BD6700BFB280 /* Build configuration list for PBXProject "RSS-Reader" */;
			compatibilityVersion = "Xcode 3.2";
			developmentRegion = English;
			hasScannedForEncodings = 0;
			knownRegions = (
				en,
			);
			mainGroup = C1E56B6D17F4BD6700BFB280;
			productRefGroup = C1E56B7717F4BD6700BFB280 /* Products */;
			projectDirPath = "";
			projectRoot = "";
			targets = (
				C1E56B7517F4BD6700BFB280 /* RSS-Reader */,
			);
		};
/* End PBXProject section */

/* Begin PBXResourcesBuildPhase section */
		C1E56B7417F4BD6700BFB280 /* Resources */ = {
			isa = PBXResourcesBuildPhase;
			buildActionMask = 2147483647;
			files = (
				C1E56B8417F4BD6700BFB280 /* InfoPlist.strings in Resources */,
				C1E56B8C17F4BD6700BFB280 /* Default.png in Resources */,
				C1E56B8E17F4BD6700BFB280 /* Default@2x.png in Resources */,
				C1E56B9017F4BD6700BFB280 /* Default-568h@2x.png in Resources */,
				C1E56B9917F4C26300BFB280 /* Storyboard.storyboard in Resources */,
			);
			runOnlyForDeploymentPostprocessing = 0;
		};
/* End PBXResourcesBuildPhase section */

/* Begin PBXSourcesBuildPhase section */
		C1E56B7217F4BD6700BFB280 /* Sources */ = {
			isa = PBXSourcesBuildPhase;
			buildActionMask = 2147483647;
			files = (
				C1E56B8617F4BD6700BFB280 /* main.m in Sources */,
				C1E56B8A17F4BD6700BFB280 /* AppDelegate.m in Sources */,
				C1E56B9C17F4C63C00BFB280 /* MyFeeds.m in Sources */,
				C1E56B9F17F4C6F600BFB280 /* AvailableFeeds.m in Sources */,
				C11FD71017F4C94D00B39099 /* SourceContent.m in Sources */,
				C11FD71317F4C97E00B39099 /* EditFeeds.m in Sources */,
				C11FD71617F4C99B00B39099 /* NewFeed.m in Sources */,
			);
			runOnlyForDeploymentPostprocessing = 0;
		};
/* End PBXSourcesBuildPhase section */

/* Begin PBXVariantGroup section */
		C1E56B8217F4BD6700BFB280 /* InfoPlist.strings */ = {
			isa = PBXVariantGroup;
			children = (
				C1E56B8317F4BD6700BFB280 /* en */,
			);
			name = InfoPlist.strings;
			sourceTree = "<group>";
		};
/* End PBXVariantGroup section */

/* Begin XCBuildConfiguration section */
		C1E56B9117F4BD6700BFB280 /* Debug */ = {
			isa = XCBuildConfiguration;
			buildSettings = {
				ALWAYS_SEARCH_USER_PATHS = NO;
				CLANG_CXX_LANGUAGE_STANDARD = "gnu++0x";
				CLANG_CXX_LIBRARY = "libc++";
				CLANG_ENABLE_OBJC_ARC = YES;
				CLANG_WARN_CONSTANT_CONVERSION = YES;
				CLANG_WARN_EMPTY_BODY = YES;
				CLANG_WARN_ENUM_CONVERSION = YES;
				CLANG_WARN_INT_CONVERSION = YES;
				CLANG_WARN__DUPLICATE_METHOD_MATCH = YES;
				"CODE_SIGN_IDENTITY[sdk=iphoneos*]" = "iPhone Developer";
				COPY_PHASE_STRIP = NO;
				GCC_C_LANGUAGE_STANDARD = gnu99;
				GCC_DYNAMIC_NO_PIC = NO;
				GCC_OPTIMIZATION_LEVEL = 0;
				GCC_PREPROCESSOR_DEFINITIONS = (
					"DEBUG=1",
					"$(inherited)",
				);
				GCC_SYMBOLS_PRIVATE_EXTERN = NO;
				GCC_WARN_ABOUT_RETURN_TYPE = YES;
				GCC_WARN_UNINITIALIZED_AUTOS = YES;
				GCC_WARN_UNUSED_VARIABLE = YES;
				IPHONEOS_DEPLOYMENT_TARGET = 6.1;
				ONLY_ACTIVE_ARCH = YES;
				SDKROOT = iphoneos;
				TARGETED_DEVICE_FAMILY = "1,2";
			};
			name = Debug;
		};
		C1E56B9217F4BD6700BFB280 /* Release */ = {
			isa = XCBuildConfiguration;
			buildSettings = {
				ALWAYS_SEARCH_USER_PATHS = NO;
				CLANG_CXX_LANGUAGE_STANDARD = "gnu++0x";
				CLANG_CXX_LIBRARY = "libc++";
				CLANG_ENABLE_OBJC_ARC = YES;
				CLANG_WARN_CONSTANT_CONVERSION = YES;
				CLANG_WARN_EMPTY_BODY = YES;
				CLANG_WARN_ENUM_CONVERSION = YES;
				CLANG_WARN_INT_CONVERSION = YES;
				CLANG_WARN__DUPLICATE_METHOD_MATCH = YES;
				"CODE_SIGN_IDENTITY[sdk=iphoneos*]" = "iPhone Developer";
				COPY_PHASE_STRIP = YES;
				GCC_C_LANGUAGE_STANDARD = gnu99;
				GCC_WARN_ABOUT_RETURN_TYPE = YES;
				GCC_WARN_UNINITIALIZED_AUTOS = YES;
				GCC_WARN_UNUSED_VARIABLE = YES;
				IPHONEOS_DEPLOYMENT_TARGET = 6.1;
				OTHER_CFLAGS = "-DNS_BLOCK_ASSERTIONS=1";
				SDKROOT = iphoneos;
				TARGETED_DEVICE_FAMILY = "1,2";
				VALIDATE_PRODUCT = YES;
			};
			name = Release;
		};
		C1E56B9417F4BD6700BFB280 /* Debug */ = {
			isa = XCBuildConfiguration;
			buildSettings = {
				GCC_PRECOMPILE_PREFIX_HEADER = YES;
				GCC_PREFIX_HEADER = "RSS-Reader/RSS-Reader-Prefix.pch";
				INFOPLIST_FILE = "RSS-Reader/RSS-Reader-Info.plist";
				PRODUCT_NAME = "$(TARGET_NAME)";
				WRAPPER_EXTENSION = app;
			};
			name = Debug;
		};
		C1E56B9517F4BD6700BFB280 /* Release */ = {
			isa = XCBuildConfiguration;
			buildSettings = {
				GCC_PRECOMPILE_PREFIX_HEADER = YES;
				GCC_PREFIX_HEADER = "RSS-Reader/RSS-Reader-Prefix.pch";
				INFOPLIST_FILE = "RSS-Reader/RSS-Reader-Info.plist";
				PRODUCT_NAME = "$(TARGET_NAME)";
				WRAPPER_EXTENSION = app;
			};
			name = Release;
		};
/* End XCBuildConfiguration section */

/* Begin XCConfigurationList section */
		C1E56B7117F4BD6700BFB280 /* Build configuration list for PBXProject "RSS-Reader" */ = {
			isa = XCConfigurationList;
			buildConfigurations = (
				C1E56B9117F4BD6700BFB280 /* Debug */,
				C1E56B9217F4BD6700BFB280 /* Release */,
			);
			defaultConfigurationIsVisible = 0;
			defaultConfigurationName = Release;
		};
		C1E56B9317F4BD6700BFB280 /* Build configuration list for PBXNativeTarget "RSS-Reader" */ = {
			isa = XCConfigurationList;
			buildConfigurations = (
				C1E56B9417F4BD6700BFB280 /* Debug */,
				C1E56B9517F4BD6700BFB280 /* Release */,
			);
			defaultConfigurationIsVisible = 0;
			defaultConfigurationName = Release;
		};
/* End XCConfigurationList section */
	};
	rootObject = C1E56B6E17F4BD6700BFB280 /* Project object */;
}
